
Microsoft Visual Studio Solution File, Format Version 12.00
# Visual Studio Version 16
VisualStudioVersion = 16.0.29911.84
MinimumVisualStudioVersion = 10.0.40219.1
Project("{FAE04EC0-301F-11D3-BF4B-00C04F79EFBC}") = "ArduinoMorseCodeSender", "ArduinoMorseCodeSender\ArduinoMorseCodeSender.csproj", "{07C9C906-1CAE-493D-BF4A-0CD632B7080A}"
EndProject
Global
	GlobalSection(SolutionConfigurationPlatforms) = preSolution
		Debug|Any CPU = Debug|Any CPU
		Release|Any CPU = Release|Any CPU
	EndGlobalSection
	GlobalSection(ProjectConfigurationPlatforms) = postSolution
		{07C9C906-1CAE-493D-BF4A-0CD632B7080A}.Debug|Any CPU.ActiveCfg = Debug|Any CPU
		{07C9C906-1CAE-493D-BF4A-0CD632B7080A}.Debug|Any CPU.Build.0 = Debug|Any CPU
		{07C9C906-1CAE-493D-BF4A-0CD632B7080A}.Release|Any CPU.ActiveCfg = Release|Any CPU
		{07C9C906-1CAE-493D-BF4A-0CD632B7080A}.Release|Any CPU.Build.0 = Release|Any CPU
	EndGlobalSection
	GlobalSection(SolutionProperties) = preSolution
		HideSolutionNode = FALSE
	EndGlobalSection
	GlobalSection(ExtensibilityGlobals) = postSolution
		SolutionGuid = {25037BFF-76B2-4910-8008-8A1ACE98F0EF}
	EndGlobalSection
EndGlobal
